// !$*UTF8*$!
{
	archiveVersion = 1;
	classes = {
	};
	objectVersion = 46;
	objects = {

/* Begin PBXBuildFile section */
		22FE10F1442DE52A2A4D985A /* libPods.a in Frameworks */ = {isa = PBXBuildFile; fileRef = 48002478649D4E36A13FAFB7 /* libPods.a */; };
		A774D87219D835E10035BCD8 /* City.m in Sources */ = {isa = PBXBuildFile; fileRef = A774D87119D835E10035BCD8 /* City.m */; };
		A774D87419D839620035BCD8 /* ViewController.xib in Resources */ = {isa = PBXBuildFile; fileRef = A774D87319D839620035BCD8 /* ViewController.xib */; };
		A774D87819D84AE20035BCD8 /* WeatherDetailViewController.m in Sources */ = {isa = PBXBuildFile; fileRef = A774D87619D84AE20035BCD8 /* WeatherDetailViewController.m */; };
		A774D87919D84AE20035BCD8 /* WeatherDetailViewController.xib in Resources */ = {isa = PBXBuildFile; fileRef = A774D87719D84AE20035BCD8 /* WeatherDetailViewController.xib */; };
		A78E40B019D6E44900ED8F4A /* CFNetwork.framework in Frameworks */ = {isa = PBXBuildFile; fileRef = A78E40AF19D6E44900ED8F4A /* CFNetwork.framework */; };
		A78E40B219D6E45100ED8F4A /* CoreData.framework in Frameworks */ = {isa = PBXBuildFile; fileRef = A78E40B119D6E45100ED8F4A /* CoreData.framework */; };
		A78E40B419D6E45600ED8F4A /* MobileCoreServices.framework in Frameworks */ = {isa = PBXBuildFile; fileRef = A78E40B319D6E45600ED8F4A /* MobileCoreServices.framework */; };
		A78E40B619D6E46400ED8F4A /* Security.framework in Frameworks */ = {isa = PBXBuildFile; fileRef = A78E40B519D6E46400ED8F4A /* Security.framework */; };
		A78E40B819D6E46A00ED8F4A /* SystemConfiguration.framework in Frameworks */ = {isa = PBXBuildFile; fileRef = A78E40B719D6E46A00ED8F4A /* SystemConfiguration.framework */; };
		A7E5900119D1E2C600BCF74A /* Foundation.framework in Frameworks */ = {isa = PBXBuildFile; fileRef = A7E5900019D1E2C600BCF74A /* Foundation.framework */; };
		A7E5900319D1E2C600BCF74A /* CoreGraphics.framework in Frameworks */ = {isa = PBXBuildFile; fileRef = A7E5900219D1E2C600BCF74A /* CoreGraphics.framework */; };
		A7E5900519D1E2C600BCF74A /* UIKit.framework in Frameworks */ = {isa = PBXBuildFile; fileRef = A7E5900419D1E2C600BCF74A /* UIKit.framework */; };
		A7E5900B19D1E2C600BCF74A /* InfoPlist.strings in Resources */ = {isa = PBXBuildFile; fileRef = A7E5900919D1E2C600BCF74A /* InfoPlist.strings */; };
		A7E5900D19D1E2C600BCF74A /* main.m in Sources */ = {isa = PBXBuildFile; fileRef = A7E5900C19D1E2C600BCF74A /* main.m */; };
		A7E5901119D1E2C600BCF74A /* AppDelegate.m in Sources */ = {isa = PBXBuildFile; fileRef = A7E5901019D1E2C600BCF74A /* AppDelegate.m */; };
		A7E5901719D1E2C600BCF74A /* ViewController.m in Sources */ = {isa = PBXBuildFile; fileRef = A7E5901619D1E2C600BCF74A /* ViewController.m */; };
		A7E5901919D1E2C600BCF74A /* Images.xcassets in Resources */ = {isa = PBXBuildFile; fileRef = A7E5901819D1E2C600BCF74A /* Images.xcassets */; };
		A7E5902019D1E2C600BCF74A /* XCTest.framework in Frameworks */ = {isa = PBXBuildFile; fileRef = A7E5901F19D1E2C600BCF74A /* XCTest.framework */; };
		A7E5902119D1E2C600BCF74A /* Foundation.framework in Frameworks */ = {isa = PBXBuildFile; fileRef = A7E5900019D1E2C600BCF74A /* Foundation.framework */; };
		A7E5902219D1E2C600BCF74A /* UIKit.framework in Frameworks */ = {isa = PBXBuildFile; fileRef = A7E5900419D1E2C600BCF74A /* UIKit.framework */; };
		A7E5902A19D1E2C600BCF74A /* InfoPlist.strings in Resources */ = {isa = PBXBuildFile; fileRef = A7E5902819D1E2C600BCF74A /* InfoPlist.strings */; };
		A7E5902C19D1E2C700BCF74A /* SOSkitTests.m in Sources */ = {isa = PBXBuildFile; fileRef = A7E5902B19D1E2C700BCF74A /* SOSkitTests.m */; };
		A7EF027F19D9860600CE1D0F /* Placeholder.jpeg in Resources */ = {isa = PBXBuildFile; fileRef = A7EF027E19D9860600CE1D0F /* Placeholder.jpeg */; };
/* End PBXBuildFile section */

/* Begin PBXContainerItemProxy section */
		A7E5902319D1E2C600BCF74A /* PBXContainerItemProxy */ = {
			isa = PBXContainerItemProxy;
			containerPortal = A7E58FF519D1E2C600BCF74A /* Project object */;
			proxyType = 1;
			remoteGlobalIDString = A7E58FFC19D1E2C600BCF74A;
			remoteInfo = SOSkit;
		};
/* End PBXContainerItemProxy section */

/* Begin PBXFileReference section */
		3BBE45EEDE69076317FA0910 /* Pods.release.xcconfig */ = {isa = PBXFileReference; includeInIndex = 1; lastKnownFileType = text.xcconfig; name = Pods.release.xcconfig; path = "Pods/Target Support Files/Pods/Pods.release.xcconfig"; sourceTree = "<group>"; };
		48002478649D4E36A13FAFB7 /* libPods.a */ = {isa = PBXFileReference; explicitFileType = archive.ar; includeInIndex = 0; path = libPods.a; sourceTree = BUILT_PRODUCTS_DIR; };
		A774D87019D835E10035BCD8 /* City.h */ = {isa = PBXFileReference; fileEncoding = 4; lastKnownFileType = sourcecode.c.h; path = City.h; sourceTree = "<group>"; };
		A774D87119D835E10035BCD8 /* City.m */ = {isa = PBXFileReference; fileEncoding = 4; lastKnownFileType = sourcecode.c.objc; path = City.m; sourceTree = "<group>"; };
		A774D87319D839620035BCD8 /* ViewController.xib */ = {isa = PBXFileReference; fileEncoding = 4; lastKnownFileType = file.xib; path = ViewController.xib; sourceTree = "<group>"; };
		A774D87519D84AE20035BCD8 /* WeatherDetailViewController.h */ = {isa = PBXFileReference; fileEncoding = 4; lastKnownFileType = sourcecode.c.h; path = WeatherDetailViewController.h; sourceTree = "<group>"; };
		A774D87619D84AE20035BCD8 /* WeatherDetailViewController.m */ = {isa = PBXFileReference; fileEncoding = 4; lastKnownFileType = sourcecode.c.objc; path = WeatherDetailViewController.m; sourceTree = "<group>"; };
		A774D87719D84AE20035BCD8 /* WeatherDetailViewController.xib */ = {isa = PBXFileReference; fileEncoding = 4; lastKnownFileType = file.xib; path = WeatherDetailViewController.xib; sourceTree = "<group>"; };
		A78E40AF19D6E44900ED8F4A /* CFNetwork.framework */ = {isa = PBXFileReference; lastKnownFileType = wrapper.framework; name = CFNetwork.framework; path = System/Library/Frameworks/CFNetwork.framework; sourceTree = SDKROOT; };
		A78E40B119D6E45100ED8F4A /* CoreData.framework */ = {isa = PBXFileReference; lastKnownFileType = wrapper.framework; name = CoreData.framework; path = System/Library/Frameworks/CoreData.framework; sourceTree = SDKROOT; };
		A78E40B319D6E45600ED8F4A /* MobileCoreServices.framework */ = {isa = PBXFileReference; lastKnownFileType = wrapper.framework; name = MobileCoreServices.framework; path = System/Library/Frameworks/MobileCoreServices.framework; sourceTree = SDKROOT; };
		A78E40B519D6E46400ED8F4A /* Security.framework */ = {isa = PBXFileReference; lastKnownFileType = wrapper.framework; name = Security.framework; path = System/Library/Frameworks/Security.framework; sourceTree = SDKROOT; };
		A78E40B719D6E46A00ED8F4A /* SystemConfiguration.framework */ = {isa = PBXFileReference; lastKnownFileType = wrapper.framework; name = SystemConfiguration.framework; path = System/Library/Frameworks/SystemConfiguration.framework; sourceTree = SDKROOT; };
		A7E58FFD19D1E2C600BCF74A /* SOSkit.app */ = {isa = PBXFileReference; explicitFileType = wrapper.application; includeInIndex = 0; path = SOSkit.app; sourceTree = BUILT_PRODUCTS_DIR; };
		A7E5900019D1E2C600BCF74A /* Foundation.framework */ = {isa = PBXFileReference; lastKnownFileType = wrapper.framework; name = Foundation.framework; path = System/Library/Frameworks/Foundation.framework; sourceTree = SDKROOT; };
		A7E5900219D1E2C600BCF74A /* CoreGraphics.framework */ = {isa = PBXFileReference; lastKnownFileType = wrapper.framework; name = CoreGraphics.framework; path = System/Library/Frameworks/CoreGraphics.framework; sourceTree = SDKROOT; };
		A7E5900419D1E2C600BCF74A /* UIKit.framework */ = {isa = PBXFileReference; lastKnownFileType = wrapper.framework; name = UIKit.framework; path = System/Library/Frameworks/UIKit.framework; sourceTree = SDKROOT; };
		A7E5900819D1E2C600BCF74A /* SOSkit-Info.plist */ = {isa = PBXFileReference; lastKnownFileType = text.plist.xml; path = "SOSkit-Info.plist"; sourceTree = "<group>"; };
		A7E5900A19D1E2C600BCF74A /* en */ = {isa = PBXFileReference; lastKnownFileType = text.plist.strings; name = en; path = en.lproj/InfoPlist.strings; sourceTree = "<group>"; };
		A7E5900C19D1E2C600BCF74A /* main.m */ = {isa = PBXFileReference; lastKnownFileType = sourcecode.c.objc; path = main.m; sourceTree = "<group>"; };
		A7E5900E19D1E2C600BCF74A /* SOSkit-Prefix.pch */ = {isa = PBXFileReference; lastKnownFileType = sourcecode.c.h; path = "SOSkit-Prefix.pch"; sourceTree = "<group>"; };
		A7E5900F19D1E2C600BCF74A /* AppDelegate.h */ = {isa = PBXFileReference; lastKnownFileType = sourcecode.c.h; path = AppDelegate.h; sourceTree = "<group>"; };
		A7E5901019D1E2C600BCF74A /* AppDelegate.m */ = {isa = PBXFileReference; lastKnownFileType = sourcecode.c.objc; path = AppDelegate.m; sourceTree = "<group>"; };
		A7E5901519D1E2C600BCF74A /* ViewController.h */ = {isa = PBXFileReference; lastKnownFileType = sourcecode.c.h; path = ViewController.h; sourceTree = "<group>"; };
		A7E5901619D1E2C600BCF74A /* ViewController.m */ = {isa = PBXFileReference; lastKnownFileType = sourcecode.c.objc; path = ViewController.m; sourceTree = "<group>"; };
		A7E5901819D1E2C600BCF74A /* Images.xcassets */ = {isa = PBXFileReference; lastKnownFileType = folder.assetcatalog; path = Images.xcassets; sourceTree = "<group>"; };
		A7E5901E19D1E2C600BCF74A /* SOSkitTests.xctest */ = {isa = PBXFileReference; explicitFileType = wrapper.cfbundle; includeInIndex = 0; path = SOSkitTests.xctest; sourceTree = BUILT_PRODUCTS_DIR; };
		A7E5901F19D1E2C600BCF74A /* XCTest.framework */ = {isa = PBXFileReference; lastKnownFileType = wrapper.framework; name = XCTest.framework; path = Library/Frameworks/XCTest.framework; sourceTree = DEVELOPER_DIR; };
		A7E5902719D1E2C600BCF74A /* SOSkitTests-Info.plist */ = {isa = PBXFileReference; lastKnownFileType = text.plist.xml; path = "SOSkitTests-Info.plist"; sourceTree = "<group>"; };
		A7E5902919D1E2C600BCF74A /* en */ = {isa = PBXFileReference; lastKnownFileType = text.plist.strings; name = en; path = en.lproj/InfoPlist.strings; sourceTree = "<group>"; };
		A7E5902B19D1E2C700BCF74A /* SOSkitTests.m */ = {isa = PBXFileReference; lastKnownFileType = sourcecode.c.objc; path = SOSkitTests.m; sourceTree = "<group>"; };
		A7EF027E19D9860600CE1D0F /* Placeholder.jpeg */ = {isa = PBXFileReference; lastKnownFileType = image.jpeg; path = Placeholder.jpeg; sourceTree = "<group>"; };
		EB548380689AFAEACCCA3E94 /* Pods.debug.xcconfig */ = {isa = PBXFileReference; includeInIndex = 1; lastKnownFileType = text.xcconfig; name = Pods.debug.xcconfig; path = "Pods/Target Support Files/Pods/Pods.debug.xcconfig"; sourceTree = "<group>"; };
/* End PBXFileReference section */

/* Begin PBXFrameworksBuildPhase section */
		A7E58FFA19D1E2C600BCF74A /* Frameworks */ = {
			isa = PBXFrameworksBuildPhase;
			buildActionMask = 2147483647;
			files = (
				A78E40B819D6E46A00ED8F4A /* SystemConfiguration.framework in Frameworks */,
				A78E40B619D6E46400ED8F4A /* Security.framework in Frameworks */,
				A78E40B419D6E45600ED8F4A /* MobileCoreServices.framework in Frameworks */,
				A78E40B219D6E45100ED8F4A /* CoreData.framework in Frameworks */,
				A78E40B019D6E44900ED8F4A /* CFNetwork.framework in Frameworks */,
				A7E5900319D1E2C600BCF74A /* CoreGraphics.framework in Frameworks */,
				A7E5900519D1E2C600BCF74A /* UIKit.framework in Frameworks */,
				A7E5900119D1E2C600BCF74A /* Foundation.framework in Frameworks */,
				22FE10F1442DE52A2A4D985A /* libPods.a in Frameworks */,
			);
			runOnlyForDeploymentPostprocessing = 0;
		};
		A7E5901B19D1E2C600BCF74A /* Frameworks */ = {
			isa = PBXFrameworksBuildPhase;
			buildActionMask = 2147483647;
			files = (
				A7E5902019D1E2C600BCF74A /* XCTest.framework in Frameworks */,
				A7E5902219D1E2C600BCF74A /* UIKit.framework in Frameworks */,
				A7E5902119D1E2C600BCF74A /* Foundation.framework in Frameworks */,
			);
			runOnlyForDeploymentPostprocessing = 0;
		};
/* End PBXFrameworksBuildPhase section */

/* Begin PBXGroup section */
		2AE8701B49C5505DC32DE1F1 /* Pods */ = {
			isa = PBXGroup;
			children = (
				EB548380689AFAEACCCA3E94 /* Pods.debug.xcconfig */,
				3BBE45EEDE69076317FA0910 /* Pods.release.xcconfig */,
			);
			name = Pods;
			sourceTree = "<group>";
		};
		A7E58FF419D1E2C600BCF74A = {
			isa = PBXGroup;
			children = (
				A7E5900619D1E2C600BCF74A /* SOSkit */,
				A7E5902519D1E2C600BCF74A /* SOSkitTests */,
				A7E58FFF19D1E2C600BCF74A /* Frameworks */,
				A7E58FFE19D1E2C600BCF74A /* Products */,
				2AE8701B49C5505DC32DE1F1 /* Pods */,
			);
			sourceTree = "<group>";
		};
		A7E58FFE19D1E2C600BCF74A /* Products */ = {
			isa = PBXGroup;
			children = (
				A7E58FFD19D1E2C600BCF74A /* SOSkit.app */,
				A7E5901E19D1E2C600BCF74A /* SOSkitTests.xctest */,
			);
			name = Products;
			sourceTree = "<group>";
		};
		A7E58FFF19D1E2C600BCF74A /* Frameworks */ = {
			isa = PBXGroup;
			children = (
				A78E40B719D6E46A00ED8F4A /* SystemConfiguration.framework */,
				A78E40B519D6E46400ED8F4A /* Security.framework */,
				A78E40B319D6E45600ED8F4A /* MobileCoreServices.framework */,
				A78E40B119D6E45100ED8F4A /* CoreData.framework */,
				A78E40AF19D6E44900ED8F4A /* CFNetwork.framework */,
				A7E5900019D1E2C600BCF74A /* Foundation.framework */,
				A7E5900219D1E2C600BCF74A /* CoreGraphics.framework */,
				A7E5900419D1E2C600BCF74A /* UIKit.framework */,
				A7E5901F19D1E2C600BCF74A /* XCTest.framework */,
				48002478649D4E36A13FAFB7 /* libPods.a */,
			);
			name = Frameworks;
			sourceTree = "<group>";
		};
		A7E5900619D1E2C600BCF74A /* SOSkit */ = {
			isa = PBXGroup;
			children = (
				A774D87019D835E10035BCD8 /* City.h */,
				A774D87119D835E10035BCD8 /* City.m */,
				A7E5900F19D1E2C600BCF74A /* AppDelegate.h */,
				A7E5901019D1E2C600BCF74A /* AppDelegate.m */,
				A7E5901519D1E2C600BCF74A /* ViewController.h */,
				A7E5901619D1E2C600BCF74A /* ViewController.m */,
				A774D87319D839620035BCD8 /* ViewController.xib */,
				A7E5901819D1E2C600BCF74A /* Images.xcassets */,
				A7E5900719D1E2C600BCF74A /* Supporting Files */,
				A774D87519D84AE20035BCD8 /* WeatherDetailViewController.h */,
				A774D87619D84AE20035BCD8 /* WeatherDetailViewController.m */,
				A774D87719D84AE20035BCD8 /* WeatherDetailViewController.xib */,
			);
			path = SOSkit;
			sourceTree = "<group>";
		};
		A7E5900719D1E2C600BCF74A /* Supporting Files */ = {
			isa = PBXGroup;
			children = (
				A7EF027E19D9860600CE1D0F /* Placeholder.jpeg */,
				A7E5900819D1E2C600BCF74A /* SOSkit-Info.plist */,
				A7E5900919D1E2C600BCF74A /* InfoPlist.strings */,
				A7E5900C19D1E2C600BCF74A /* main.m */,
				A7E5900E19D1E2C600BCF74A /* SOSkit-Prefix.pch */,
			);
			name = "Supporting Files";
			sourceTree = "<group>";
		};
		A7E5902519D1E2C600BCF74A /* SOSkitTests */ = {
			isa = PBXGroup;
			children = (
				A7E5902B19D1E2C700BCF74A /* SOSkitTests.m */,
				A7E5902619D1E2C600BCF74A /* Supporting Files */,
			);
			path = SOSkitTests;
			sourceTree = "<group>";
		};
		A7E5902619D1E2C600BCF74A /* Supporting Files */ = {
			isa = PBXGroup;
			children = (
				A7E5902719D1E2C600BCF74A /* SOSkitTests-Info.plist */,
				A7E5902819D1E2C600BCF74A /* InfoPlist.strings */,
			);
			name = "Supporting Files";
			sourceTree = "<group>";
		};
/* End PBXGroup section */

/* Begin PBXNativeTarget section */
		A7E58FFC19D1E2C600BCF74A /* SOSkit */ = {
			isa = PBXNativeTarget;
			buildConfigurationList = A7E5902F19D1E2C700BCF74A /* Build configuration list for PBXNativeTarget "SOSkit" */;
			buildPhases = (
				C8F0508D30484BA423F10970 /* Check Pods Manifest.lock */,
				A7E58FF919D1E2C600BCF74A /* Sources */,
				A7E58FFA19D1E2C600BCF74A /* Frameworks */,
				A7E58FFB19D1E2C600BCF74A /* Resources */,
				17A94482E6C13A1911460D8F /* Copy Pods Resources */,
			);
			buildRules = (
			);
			dependencies = (
			);
			name = SOSkit;
			productName = SOSkit;
			productReference = A7E58FFD19D1E2C600BCF74A /* SOSkit.app */;
			productType = "com.apple.product-type.application";
		};
		A7E5901D19D1E2C600BCF74A /* SOSkitTests */ = {
			isa = PBXNativeTarget;
			buildConfigurationList = A7E5903219D1E2C700BCF74A /* Build configuration list for PBXNativeTarget "SOSkitTests" */;
			buildPhases = (
				A7E5901A19D1E2C600BCF74A /* Sources */,
				A7E5901B19D1E2C600BCF74A /* Frameworks */,
				A7E5901C19D1E2C600BCF74A /* Resources */,
			);
			buildRules = (
			);
			dependencies = (
				A7E5902419D1E2C600BCF74A /* PBXTargetDependency */,
			);
			name = SOSkitTests;
			productName = SOSkitTests;
			productReference = A7E5901E19D1E2C600BCF74A /* SOSkitTests.xctest */;
			productType = "com.apple.product-type.bundle.unit-test";
		};
/* End PBXNativeTarget section */

/* Begin PBXProject section */
		A7E58FF519D1E2C600BCF74A /* Project object */ = {
			isa = PBXProject;
			attributes = {
				LastUpgradeCheck = 0510;
				ORGANIZATIONNAME = Salesforce;
				TargetAttributes = {
					A7E5901D19D1E2C600BCF74A = {
						TestTargetID = A7E58FFC19D1E2C600BCF74A;
					};
				};
			};
			buildConfigurationList = A7E58FF819D1E2C600BCF74A /* Build configuration list for PBXProject "SOSkit" */;
			compatibilityVersion = "Xcode 3.2";
			developmentRegion = English;
			hasScannedForEncodings = 0;
			knownRegions = (
				en,
				Base,
			);
			mainGroup = A7E58FF419D1E2C600BCF74A;
			productRefGroup = A7E58FFE19D1E2C600BCF74A /* Products */;
			projectDirPath = "";
			projectRoot = "";
			targets = (
				A7E58FFC19D1E2C600BCF74A /* SOSkit */,
				A7E5901D19D1E2C600BCF74A /* SOSkitTests */,
			);
		};
/* End PBXProject section */

/* Begin PBXResourcesBuildPhase section */
		A7E58FFB19D1E2C600BCF74A /* Resources */ = {
			isa = PBXResourcesBuildPhase;
			buildActionMask = 2147483647;
			files = (
				A7E5901919D1E2C600BCF74A /* Images.xcassets in Resources */,
				A774D87419D839620035BCD8 /* ViewController.xib in Resources */,
				A7EF027F19D9860600CE1D0F /* Placeholder.jpeg in Resources */,
				A774D87919D84AE20035BCD8 /* WeatherDetailViewController.xib in Resources */,
				A7E5900B19D1E2C600BCF74A /* InfoPlist.strings in Resources */,
			);
			runOnlyForDeploymentPostprocessing = 0;
		};
		A7E5901C19D1E2C600BCF74A /* Resources */ = {
			isa = PBXResourcesBuildPhase;
			buildActionMask = 2147483647;
			files = (
				A7E5902A19D1E2C600BCF74A /* InfoPlist.strings in Resources */,
			);
			runOnlyForDeploymentPostprocessing = 0;
		};
/* End PBXResourcesBuildPhase section */

/* Begin PBXShellScriptBuildPhase section */
		17A94482E6C13A1911460D8F /* Copy Pods Resources */ = {
			isa = PBXShellScriptBuildPhase;
			buildActionMask = 2147483647;
			files = (
			);
			inputPaths = (
			);
			name = "Copy Pods Resources";
			outputPaths = (
			);
			runOnlyForDeploymentPostprocessing = 0;
			shellPath = /bin/sh;
			shellScript = "\"${SRCROOT}/Pods/Target Support Files/Pods/Pods-resources.sh\"\n";
			showEnvVarsInLog = 0;
		};
		C8F0508D30484BA423F10970 /* Check Pods Manifest.lock */ = {
			isa = PBXShellScriptBuildPhase;
			buildActionMask = 2147483647;
			files = (
			);
			inputPaths = (
			);
			name = "Check Pods Manifest.lock";
			outputPaths = (
			);
			runOnlyForDeploymentPostprocessing = 0;
			shellPath = /bin/sh;
			shellScript = "diff \"${PODS_ROOT}/../Podfile.lock\" \"${PODS_ROOT}/Manifest.lock\" > /dev/null\nif [[ $? != 0 ]] ; then\n    cat << EOM\nerror: The sandbox is not in sync with the Podfile.lock. Run 'pod install' or update your CocoaPods installation.\nEOM\n    exit 1\nfi\n";
			showEnvVarsInLog = 0;
		};
/* End PBXShellScriptBuildPhase section */

/* Begin PBXSourcesBuildPhase section */
		A7E58FF919D1E2C600BCF74A /* Sources */ = {
			isa = PBXSourcesBuildPhase;
			buildActionMask = 2147483647;
			files = (
				A7E5901719D1E2C600BCF74A /* ViewController.m in Sources */,
				A774D87819D84AE20035BCD8 /* WeatherDetailViewController.m in Sources */,
				A7E5901119D1E2C600BCF74A /* AppDelegate.m in Sources */,
				A774D87219D835E10035BCD8 /* City.m in Sources */,
				A7E5900D19D1E2C600BCF74A /* main.m in Sources */,
			);
			runOnlyForDeploymentPostprocessing = 0;
		};
		A7E5901A19D1E2C600BCF74A /* Sources */ = {
			isa = PBXSourcesBuildPhase;
			buildActionMask = 2147483647;
			files = (
				A7E5902C19D1E2C700BCF74A /* SOSkitTests.m in Sources */,
			);
			runOnlyForDeploymentPostprocessing = 0;
		};
/* End PBXSourcesBuildPhase section */

/* Begin PBXTargetDependency section */
		A7E5902419D1E2C600BCF74A /* PBXTargetDependency */ = {
			isa = PBXTargetDependency;
			target = A7E58FFC19D1E2C600BCF74A /* SOSkit */;
			targetProxy = A7E5902319D1E2C600BCF74A /* PBXContainerItemProxy */;
		};
/* End PBXTargetDependency section */

/* Begin PBXVariantGroup section */
		A7E5900919D1E2C600BCF74A /* InfoPlist.strings */ = {
			isa = PBXVariantGroup;
			children = (
				A7E5900A19D1E2C600BCF74A /* en */,
			);
			name = InfoPlist.strings;
			sourceTree = "<group>";
		};
		A7E5902819D1E2C600BCF74A /* InfoPlist.strings */ = {
			isa = PBXVariantGroup;
			children = (
				A7E5902919D1E2C600BCF74A /* en */,
			);
			name = InfoPlist.strings;
			sourceTree = "<group>";
		};
/* End PBXVariantGroup section */

/* Begin XCBuildConfiguration section */
		A7E5902D19D1E2C700BCF74A /* Debug */ = {
			isa = XCBuildConfiguration;
			buildSettings = {
				ALWAYS_SEARCH_USER_PATHS = NO;
				CLANG_CXX_LANGUAGE_STANDARD = "gnu++0x";
				CLANG_CXX_LIBRARY = "libc++";
				CLANG_ENABLE_MODULES = YES;
				CLANG_ENABLE_OBJC_ARC = YES;
				CLANG_WARN_BOOL_CONVERSION = YES;
				CLANG_WARN_CONSTANT_CONVERSION = YES;
				CLANG_WARN_DIRECT_OBJC_ISA_USAGE = YES_ERROR;
				CLANG_WARN_EMPTY_BODY = YES;
				CLANG_WARN_ENUM_CONVERSION = YES;
				CLANG_WARN_INT_CONVERSION = YES;
				CLANG_WARN_OBJC_ROOT_CLASS = YES_ERROR;
				CLANG_WARN__DUPLICATE_METHOD_MATCH = YES;
				"CODE_SIGN_IDENTITY[sdk=iphoneos*]" = "iPhone Developer";
				COPY_PHASE_STRIP = NO;
				GCC_C_LANGUAGE_STANDARD = gnu99;
				GCC_DYNAMIC_NO_PIC = NO;
				GCC_OPTIMIZATION_LEVEL = 0;
				GCC_PREPROCESSOR_DEFINITIONS = (
					"DEBUG=1",
					"$(inherited)",
				);
				GCC_SYMBOLS_PRIVATE_EXTERN = NO;
				GCC_WARN_64_TO_32_BIT_CONVERSION = YES;
				GCC_WARN_ABOUT_RETURN_TYPE = YES_ERROR;
				GCC_WARN_UNDECLARED_SELECTOR = YES;
				GCC_WARN_UNINITIALIZED_AUTOS = YES_AGGRESSIVE;
				GCC_WARN_UNUSED_FUNCTION = YES;
				GCC_WARN_UNUSED_VARIABLE = YES;
				IPHONEOS_DEPLOYMENT_TARGET = 7.1;
				ONLY_ACTIVE_ARCH = YES;
				SDKROOT = iphoneos;
			};
			name = Debug;
		};
		A7E5902E19D1E2C700BCF74A /* Release */ = {
			isa = XCBuildConfiguration;
			buildSettings = {
				ALWAYS_SEARCH_USER_PATHS = NO;
				CLANG_CXX_LANGUAGE_STANDARD = "gnu++0x";
				CLANG_CXX_LIBRARY = "libc++";
				CLANG_ENABLE_MODULES = YES;
				CLANG_ENABLE_OBJC_ARC = YES;
				CLANG_WARN_BOOL_CONVERSION = YES;
				CLANG_WARN_CONSTANT_CONVERSION = YES;
				CLANG_WARN_DIRECT_OBJC_ISA_USAGE = YES_ERROR;
				CLANG_WARN_EMPTY_BODY = YES;
				CLANG_WARN_ENUM_CONVERSION = YES;
				CLANG_WARN_INT_CONVERSION = YES;
				CLANG_WARN_OBJC_ROOT_CLASS = YES_ERROR;
				CLANG_WARN__DUPLICATE_METHOD_MATCH = YES;
				"CODE_SIGN_IDENTITY[sdk=iphoneos*]" = "iPhone Developer";
				COPY_PHASE_STRIP = YES;
				ENABLE_NS_ASSERTIONS = NO;
				GCC_C_LANGUAGE_STANDARD = gnu99;
				GCC_WARN_64_TO_32_BIT_CONVERSION = YES;
				GCC_WARN_ABOUT_RETURN_TYPE = YES_ERROR;
				GCC_WARN_UNDECLARED_SELECTOR = YES;
				GCC_WARN_UNINITIALIZED_AUTOS = YES_AGGRESSIVE;
				GCC_WARN_UNUSED_FUNCTION = YES;
				GCC_WARN_UNUSED_VARIABLE = YES;
				IPHONEOS_DEPLOYMENT_TARGET = 7.1;
				SDKROOT = iphoneos;
				VALIDATE_PRODUCT = YES;
			};
			name = Release;
		};
		A7E5903019D1E2C700BCF74A /* Debug */ = {
			isa = XCBuildConfiguration;
			baseConfigurationReference = EB548380689AFAEACCCA3E94 /* Pods.debug.xcconfig */;
			buildSettings = {
				ASSETCATALOG_COMPILER_APPICON_NAME = AppIcon;
				ASSETCATALOG_COMPILER_LAUNCHIMAGE_NAME = LaunchImage;
				CODE_SIGN_IDENTITY = "iPhone Distribution: Model Metrics, Inc.";
				GCC_PRECOMPILE_PREFIX_HEADER = YES;
				GCC_PREFIX_HEADER = "SOSkit/SOSkit-Prefix.pch";
				HEADER_SEARCH_PATHS = (
					"$(inherited)",
					/Applications/Xcode.app/Contents/Developer/Toolchains/XcodeDefault.xctoolchain/usr/include,
					"\"$(BUILT_PRODUCTS_DIR)/../../Headers\"",
				);
				INFOPLIST_FILE = "SOSkit/SOSkit-Info.plist";
				ONLY_ACTIVE_ARCH = NO;
				OTHER_CFLAGS = (
					"$(inherited)",
					"-isystem",
					"\"${PODS_ROOT}/Headers/Public\"",
					"-isystem",
					"\"${PODS_ROOT}/Headers/Public/MBProgressHUD\"",
					"-isystem",
					"\"${PODS_ROOT}/Headers/Public/OpenTok\"",
					"-isystem",
					"\"${PODS_ROOT}/Headers/Public/Raven\"",
					"-isystem",
					"\"${PODS_ROOT}/Headers/Public/SOS\"",
				);
				OTHER_LDFLAGS = "$(inherited)";
				PRODUCT_NAME = "$(TARGET_NAME)";
				PROVISIONING_PROFILE = "0e2a7bb3-84ac-46bf-b2e8-d58c57913655";
				VALID_ARCHS = "armv7 armv7s";
				WRAPPER_EXTENSION = app;
			};
			name = Debug;
		};
		A7E5903119D1E2C700BCF74A /* Release */ = {
			isa = XCBuildConfiguration;
			baseConfigurationReference = 3BBE45EEDE69076317FA0910 /* Pods.release.xcconfig */;
			buildSettings = {
				ASSETCATALOG_COMPILER_APPICON_NAME = AppIcon;
				ASSETCATALOG_COMPILER_LAUNCHIMAGE_NAME = LaunchImage;
				CODE_SIGN_IDENTITY = "iPhone Distribution: Model Metrics, Inc.";
				GCC_PRECOMPILE_PREFIX_HEADER = YES;
				GCC_PREFIX_HEADER = "SOSkit/SOSkit-Prefix.pch";
				HEADER_SEARCH_PATHS = (
					"$(inherited)",
					/Applications/Xcode.app/Contents/Developer/Toolchains/XcodeDefault.xctoolchain/usr/include,
					"\"$(BUILT_PRODUCTS_DIR)/../../Headers\"",
				);
				INFOPLIST_FILE = "SOSkit/SOSkit-Info.plist";
				ONLY_ACTIVE_ARCH = NO;
				OTHER_CFLAGS = (
					"$(inherited)",
					"-isystem",
					"\"${PODS_ROOT}/Headers/Public\"",
					"-isystem",
					"\"${PODS_ROOT}/Headers/Public/MBProgressHUD\"",
					"-isystem",
					"\"${PODS_ROOT}/Headers/Public/OpenTok\"",
					"-isystem",
					"\"${PODS_ROOT}/Headers/Public/Raven\"",
					"-isystem",
					"\"${PODS_ROOT}/Headers/Public/SOS\"",
				);
				OTHER_LDFLAGS = "$(inherited)";
				PRODUCT_NAME = "$(TARGET_NAME)";
				PROVISIONING_PROFILE = "0e2a7bb3-84ac-46bf-b2e8-d58c57913655";
				VALID_ARCHS = "armv7 armv7s";
				WRAPPER_EXTENSION = app;
			};
			name = Release;
		};
		A7E5903319D1E2C700BCF74A /* Debug */ = {
			isa = XCBuildConfiguration;
			buildSettings = {
				BUNDLE_LOADER = "$(BUILT_PRODUCTS_DIR)/SOSkit.app/SOSkit";
				FRAMEWORK_SEARCH_PATHS = (
					"$(SDKROOT)/Developer/Library/Frameworks",
					"$(inherited)",
					"$(DEVELOPER_FRAMEWORKS_DIR)",
				);
				GCC_PRECOMPILE_PREFIX_HEADER = YES;
				GCC_PREFIX_HEADER = "SOSkit/SOSkit-Prefix.pch";
				GCC_PREPROCESSOR_DEFINITIONS = (
					"DEBUG=1",
					"$(inherited)",
				);
				INFOPLIST_FILE = "SOSkitTests/SOSkitTests-Info.plist";
				PRODUCT_NAME = "$(TARGET_NAME)";
				TEST_HOST = "$(BUNDLE_LOADER)";
				WRAPPER_EXTENSION = xctest;
			};
			name = Debug;
		};
		A7E5903419D1E2C700BCF74A /* Release */ = {
			isa = XCBuildConfiguration;
			buildSettings = {
				BUNDLE_LOADER = "$(BUILT_PRODUCTS_DIR)/SOSkit.app/SOSkit";
				FRAMEWORK_SEARCH_PATHS = (
					"$(SDKROOT)/Developer/Library/Frameworks",
					"$(inherited)",
					"$(DEVELOPER_FRAMEWORKS_DIR)",
				);
				GCC_PRECOMPILE_PREFIX_HEADER = YES;
				GCC_PREFIX_HEADER = "SOSkit/SOSkit-Prefix.pch";
				INFOPLIST_FILE = "SOSkitTests/SOSkitTests-Info.plist";
				PRODUCT_NAME = "$(TARGET_NAME)";
				TEST_HOST = "$(BUNDLE_LOADER)";
				WRAPPER_EXTENSION = xctest;
			};
			name = Release;
		};
/* End XCBuildConfiguration section */

/* Begin XCConfigurationList section */
		A7E58FF819D1E2C600BCF74A /* Build configuration list for PBXProject "SOSkit" */ = {
			isa = XCConfigurationList;
			buildConfigurations = (
				A7E5902D19D1E2C700BCF74A /* Debug */,
				A7E5902E19D1E2C700BCF74A /* Release */,
			);
			defaultConfigurationIsVisible = 0;
			defaultConfigurationName = Release;
		};
		A7E5902F19D1E2C700BCF74A /* Build configuration list for PBXNativeTarget "SOSkit" */ = {
			isa = XCConfigurationList;
			buildConfigurations = (
				A7E5903019D1E2C700BCF74A /* Debug */,
				A7E5903119D1E2C700BCF74A /* Release */,
			);
			defaultConfigurationIsVisible = 0;
			defaultConfigurationName = Release;
		};
		A7E5903219D1E2C700BCF74A /* Build configuration list for PBXNativeTarget "SOSkitTests" */ = {
			isa = XCConfigurationList;
			buildConfigurations = (
				A7E5903319D1E2C700BCF74A /* Debug */,
				A7E5903419D1E2C700BCF74A /* Release */,
			);
			defaultConfigurationIsVisible = 0;
			defaultConfigurationName = Release;
		};
/* End XCConfigurationList section */
	};
	rootObject = A7E58FF519D1E2C600BCF74A /* Project object */;
}
